// !$*UTF8*$!
{
	archiveVersion = 1;
	classes = {
	};
	objectVersion = 46;
	objects = {

/* Begin PBXBuildFile section */
		BF2AAA2316A92FD500658D4D /* UIKit.framework in Frameworks */ = {isa = PBXBuildFile; fileRef = BF2AAA2216A92FD500658D4D /* UIKit.framework */; };
		BF2AAA2516A92FD500658D4D /* Foundation.framework in Frameworks */ = {isa = PBXBuildFile; fileRef = BF2AAA2416A92FD500658D4D /* Foundation.framework */; };
		BF2AAA2716A92FD500658D4D /* CoreGraphics.framework in Frameworks */ = {isa = PBXBuildFile; fileRef = BF2AAA2616A92FD500658D4D /* CoreGraphics.framework */; };
		BF2AAA2D16A92FD500658D4D /* InfoPlist.strings in Resources */ = {isa = PBXBuildFile; fileRef = BF2AAA2B16A92FD500658D4D /* InfoPlist.strings */; };
		BF2AAA2F16A92FD500658D4D /* main.m in Sources */ = {isa = PBXBuildFile; fileRef = BF2AAA2E16A92FD500658D4D /* main.m */; };
		BF2AAA3316A92FD500658D4D /* AppDelegate.m in Sources */ = {isa = PBXBuildFile; fileRef = BF2AAA3216A92FD500658D4D /* AppDelegate.m */; };
		BF2AAA3516A92FD500658D4D /* Default.png in Resources */ = {isa = PBXBuildFile; fileRef = BF2AAA3416A92FD500658D4D /* Default.png */; };
		BF2AAA3716A92FD500658D4D /* Default@2x.png in Resources */ = {isa = PBXBuildFile; fileRef = BF2AAA3616A92FD500658D4D /* Default@2x.png */; };
		BF2AAA3916A92FD500658D4D /* Default-568h@2x.png in Resources */ = {isa = PBXBuildFile; fileRef = BF2AAA3816A92FD500658D4D /* Default-568h@2x.png */; };
		BF2AAA3C16A92FD500658D4D /* ViewController.m in Sources */ = {isa = PBXBuildFile; fileRef = BF2AAA3B16A92FD500658D4D /* ViewController.m */; };
		BF2AAA4916A9319800658D4D /* TFHpple.m in Sources */ = {isa = PBXBuildFile; fileRef = BF2AAA4616A9319800658D4D /* TFHpple.m */; };
		BF2AAA4A16A9319800658D4D /* TFHppleElement.m in Sources */ = {isa = PBXBuildFile; fileRef = BF2AAA4816A9319800658D4D /* TFHppleElement.m */; };
		BF2AAA4D16A931A800658D4D /* XPathQuery.m in Sources */ = {isa = PBXBuildFile; fileRef = BF2AAA4C16A931A800658D4D /* XPathQuery.m */; };
		BF2AAA4F16A931B100658D4D /* libxml2.dylib in Frameworks */ = {isa = PBXBuildFile; fileRef = BF2AAA4E16A931B100658D4D /* libxml2.dylib */; };
		BFC9CE0B1768157E00D8DC47 /* MainStoryboard.storyboard in Resources */ = {isa = PBXBuildFile; fileRef = BFC9CE0A1768157E00D8DC47 /* MainStoryboard.storyboard */; };
/* End PBXBuildFile section */

/* Begin PBXFileReference section */
		BF2AAA1E16A92FD500658D4D /* HtmlParserUtil.app */ = {isa = PBXFileReference; explicitFileType = wrapper.application; includeInIndex = 0; path = HtmlParserUtil.app; sourceTree = BUILT_PRODUCTS_DIR; };
		BF2AAA2216A92FD500658D4D /* UIKit.framework */ = {isa = PBXFileReference; lastKnownFileType = wrapper.framework; name = UIKit.framework; path = System/Library/Frameworks/UIKit.framework; sourceTree = SDKROOT; };
		BF2AAA2416A92FD500658D4D /* Foundation.framework */ = {isa = PBXFileReference; lastKnownFileType = wrapper.framework; name = Foundation.framework; path = System/Library/Frameworks/Foundation.framework; sourceTree = SDKROOT; };
		BF2AAA2616A92FD500658D4D /* CoreGraphics.framework */ = {isa = PBXFileReference; lastKnownFileType = wrapper.framework; name = CoreGraphics.framework; path = System/Library/Frameworks/CoreGraphics.framework; sourceTree = SDKROOT; };
		BF2AAA2A16A92FD500658D4D /* HtmlParserUtil-Info.plist */ = {isa = PBXFileReference; lastKnownFileType = text.plist.xml; path = "HtmlParserUtil-Info.plist"; sourceTree = "<group>"; };
		BF2AAA2C16A92FD500658D4D /* en */ = {isa = PBXFileReference; lastKnownFileType = text.plist.strings; name = en; path = en.lproj/InfoPlist.strings; sourceTree = "<group>"; };
		BF2AAA2E16A92FD500658D4D /* main.m */ = {isa = PBXFileReference; lastKnownFileType = sourcecode.c.objc; path = main.m; sourceTree = "<group>"; };
		BF2AAA3016A92FD500658D4D /* HtmlParserUtil-Prefix.pch */ = {isa = PBXFileReference; lastKnownFileType = sourcecode.c.h; path = "HtmlParserUtil-Prefix.pch"; sourceTree = "<group>"; };
		BF2AAA3116A92FD500658D4D /* AppDelegate.h */ = {isa = PBXFileReference; lastKnownFileType = sourcecode.c.h; path = AppDelegate.h; sourceTree = "<group>"; };
		BF2AAA3216A92FD500658D4D /* AppDelegate.m */ = {isa = PBXFileReference; lastKnownFileType = sourcecode.c.objc; path = AppDelegate.m; sourceTree = "<group>"; };
		BF2AAA3416A92FD500658D4D /* Default.png */ = {isa = PBXFileReference; lastKnownFileType = image.png; path = Default.png; sourceTree = "<group>"; };
		BF2AAA3616A92FD500658D4D /* Default@2x.png */ = {isa = PBXFileReference; lastKnownFileType = image.png; path = "Default@2x.png"; sourceTree = "<group>"; };
		BF2AAA3816A92FD500658D4D /* Default-568h@2x.png */ = {isa = PBXFileReference; lastKnownFileType = image.png; path = "Default-568h@2x.png"; sourceTree = "<group>"; };
		BF2AAA3A16A92FD500658D4D /* ViewController.h */ = {isa = PBXFileReference; lastKnownFileType = sourcecode.c.h; path = ViewController.h; sourceTree = "<group>"; };
		BF2AAA3B16A92FD500658D4D /* ViewController.m */ = {isa = PBXFileReference; lastKnownFileType = sourcecode.c.objc; path = ViewController.m; sourceTree = "<group>"; };
		BF2AAA4516A9319800658D4D /* TFHpple.h */ = {isa = PBXFileReference; fileEncoding = 4; lastKnownFileType = sourcecode.c.h; path = TFHpple.h; sourceTree = "<group>"; };
		BF2AAA4616A9319800658D4D /* TFHpple.m */ = {isa = PBXFileReference; fileEncoding = 4; lastKnownFileType = sourcecode.c.objc; path = TFHpple.m; sourceTree = "<group>"; };
		BF2AAA4716A9319800658D4D /* TFHppleElement.h */ = {isa = PBXFileReference; fileEncoding = 4; lastKnownFileType = sourcecode.c.h; path = TFHppleElement.h; sourceTree = "<group>"; };
		BF2AAA4816A9319800658D4D /* TFHppleElement.m */ = {isa = PBXFileReference; fileEncoding = 4; lastKnownFileType = sourcecode.c.objc; path = TFHppleElement.m; sourceTree = "<group>"; };
		BF2AAA4B16A931A800658D4D /* XPathQuery.h */ = {isa = PBXFileReference; fileEncoding = 4; lastKnownFileType = sourcecode.c.h; path = XPathQuery.h; sourceTree = "<group>"; };
		BF2AAA4C16A931A800658D4D /* XPathQuery.m */ = {isa = PBXFileReference; fileEncoding = 4; lastKnownFileType = sourcecode.c.objc; path = XPathQuery.m; sourceTree = "<group>"; };
		BF2AAA4E16A931B100658D4D /* libxml2.dylib */ = {isa = PBXFileReference; lastKnownFileType = "compiled.mach-o.dylib"; name = libxml2.dylib; path = usr/lib/libxml2.dylib; sourceTree = SDKROOT; };
		BFC9CE0A1768157E00D8DC47 /* MainStoryboard.storyboard */ = {isa = PBXFileReference; fileEncoding = 4; lastKnownFileType = file.storyboard; path = MainStoryboard.storyboard; sourceTree = "<group>"; };
/* End PBXFileReference section */

/* Begin PBXFrameworksBuildPhase section */
		BF2AAA1B16A92FD500658D4D /* Frameworks */ = {
			isa = PBXFrameworksBuildPhase;
			buildActionMask = 2147483647;
			files = (
				BF2AAA4F16A931B100658D4D /* libxml2.dylib in Frameworks */,
				BF2AAA2316A92FD500658D4D /* UIKit.framework in Frameworks */,
				BF2AAA2516A92FD500658D4D /* Foundation.framework in Frameworks */,
				BF2AAA2716A92FD500658D4D /* CoreGraphics.framework in Frameworks */,
			);
			runOnlyForDeploymentPostprocessing = 0;
		};
/* End PBXFrameworksBuildPhase section */

/* Begin PBXGroup section */
		BF2AAA1316A92FD400658D4D = {
			isa = PBXGroup;
			children = (
				BF2AAA2816A92FD500658D4D /* HtmlParserUtil */,
				BF2AAA2916A92FD500658D4D /* Supporting Files */,
				BF2AAA2116A92FD500658D4D /* Frameworks */,
				BF2AAA1F16A92FD500658D4D /* Products */,
			);
			sourceTree = "<group>";
		};
		BF2AAA1F16A92FD500658D4D /* Products */ = {
			isa = PBXGroup;
			children = (
				BF2AAA1E16A92FD500658D4D /* HtmlParserUtil.app */,
			);
			name = Products;
			sourceTree = "<group>";
		};
		BF2AAA2116A92FD500658D4D /* Frameworks */ = {
			isa = PBXGroup;
			children = (
				BF2AAA4E16A931B100658D4D /* libxml2.dylib */,
				BF2AAA2216A92FD500658D4D /* UIKit.framework */,
				BF2AAA2416A92FD500658D4D /* Foundation.framework */,
				BF2AAA2616A92FD500658D4D /* CoreGraphics.framework */,
			);
			name = Frameworks;
			sourceTree = "<group>";
		};
		BF2AAA2816A92FD500658D4D /* HtmlParserUtil */ = {
			isa = PBXGroup;
			children = (
				BFC9CE0C176819BD00D8DC47 /* hpple */,
				BF2AAA3116A92FD500658D4D /* AppDelegate.h */,
				BF2AAA3216A92FD500658D4D /* AppDelegate.m */,
				BF2AAA3A16A92FD500658D4D /* ViewController.h */,
				BF2AAA3B16A92FD500658D4D /* ViewController.m */,
				BFC9CE0A1768157E00D8DC47 /* MainStoryboard.storyboard */,
			);
			path = HtmlParserUtil;
			sourceTree = "<group>";
		};
		BF2AAA2916A92FD500658D4D /* Supporting Files */ = {
			isa = PBXGroup;
			children = (
				BF2AAA2A16A92FD500658D4D /* HtmlParserUtil-Info.plist */,
				BF2AAA2B16A92FD500658D4D /* InfoPlist.strings */,
				BF2AAA2E16A92FD500658D4D /* main.m */,
				BF2AAA3016A92FD500658D4D /* HtmlParserUtil-Prefix.pch */,
				BF2AAA3416A92FD500658D4D /* Default.png */,
				BF2AAA3616A92FD500658D4D /* Default@2x.png */,
				BF2AAA3816A92FD500658D4D /* Default-568h@2x.png */,
			);
			name = "Supporting Files";
			path = HtmlParserUtil;
			sourceTree = "<group>";
		};
		BFC9CE0C176819BD00D8DC47 /* hpple */ = {
			isa = PBXGroup;
			children = (
				BF2AAA4B16A931A800658D4D /* XPathQuery.h */,
				BF2AAA4C16A931A800658D4D /* XPathQuery.m */,
				BF2AAA4516A9319800658D4D /* TFHpple.h */,
				BF2AAA4616A9319800658D4D /* TFHpple.m */,
				BF2AAA4716A9319800658D4D /* TFHppleElement.h */,
				BF2AAA4816A9319800658D4D /* TFHppleElement.m */,
			);
			name = hpple;
			sourceTree = "<group>";
		};
/* End PBXGroup section */

/* Begin PBXNativeTarget section */
		BF2AAA1D16A92FD500658D4D /* HtmlParserUtil */ = {
			isa = PBXNativeTarget;
			buildConfigurationList = BF2AAA4216A92FD500658D4D /* Build configuration list for PBXNativeTarget "HtmlParserUtil" */;
			buildPhases = (
				BF2AAA1A16A92FD500658D4D /* Sources */,
				BF2AAA1B16A92FD500658D4D /* Frameworks */,
				BF2AAA1C16A92FD500658D4D /* Resources */,
			);
			buildRules = (
			);
			dependencies = (
			);
			name = HtmlParserUtil;
			productName = HtmlParserUtil;
			productReference = BF2AAA1E16A92FD500658D4D /* HtmlParserUtil.app */;
			productType = "com.apple.product-type.application";
		};
/* End PBXNativeTarget section */

/* Begin PBXProject section */
		BF2AAA1516A92FD400658D4D /* Project object */ = {
			isa = PBXProject;
			attributes = {
				LastUpgradeCheck = 0830;
			};
			buildConfigurationList = BF2AAA1816A92FD400658D4D /* Build configuration list for PBXProject "HtmlParserUtil" */;
			compatibilityVersion = "Xcode 3.2";
			developmentRegion = English;
			hasScannedForEncodings = 0;
			knownRegions = (
				en,
			);
			mainGroup = BF2AAA1316A92FD400658D4D;
			productRefGroup = BF2AAA1F16A92FD500658D4D /* Products */;
			projectDirPath = "";
			projectRoot = "";
			targets = (
				BF2AAA1D16A92FD500658D4D /* HtmlParserUtil */,
			);
		};
/* End PBXProject section */

/* Begin PBXResourcesBuildPhase section */
		BF2AAA1C16A92FD500658D4D /* Resources */ = {
			isa = PBXResourcesBuildPhase;
			buildActionMask = 2147483647;
			files = (
				BF2AAA2D16A92FD500658D4D /* InfoPlist.strings in Resources */,
				BF2AAA3516A92FD500658D4D /* Default.png in Resources */,
				BF2AAA3716A92FD500658D4D /* Default@2x.png in Resources */,
				BF2AAA3916A92FD500658D4D /* Default-568h@2x.png in Resources */,
				BFC9CE0B1768157E00D8DC47 /* MainStoryboard.storyboard in Resources */,
			);
			runOnlyForDeploymentPostprocessing = 0;
		};
/* End PBXResourcesBuildPhase section */

/* Begin PBXSourcesBuildPhase section */
		BF2AAA1A16A92FD500658D4D /* Sources */ = {
			isa = PBXSourcesBuildPhase;
			buildActionMask = 2147483647;
			files = (
				BF2AAA2F16A92FD500658D4D /* main.m in Sources */,
				BF2AAA3316A92FD500658D4D /* AppDelegate.m in Sources */,
				BF2AAA3C16A92FD500658D4D /* ViewController.m in Sources */,
				BF2AAA4916A9319800658D4D /* TFHpple.m in Sources */,
				BF2AAA4A16A9319800658D4D /* TFHppleElement.m in Sources */,
				BF2AAA4D16A931A800658D4D /* XPathQuery.m in Sources */,
			);
			runOnlyForDeploymentPostprocessing = 0;
		};
/* End PBXSourcesBuildPhase section */

/* Begin PBXVariantGroup section */
		BF2AAA2B16A92FD500658D4D /* InfoPlist.strings */ = {
			isa = PBXVariantGroup;
			children = (
				BF2AAA2C16A92FD500658D4D /* en */,
			);
			name = InfoPlist.strings;
			sourceTree = "<group>";
		};
/* End PBXVariantGroup section */

/* Begin XCBuildConfiguration section */
		BF2AAA4016A92FD500658D4D /* Debug */ = {
			isa = XCBuildConfiguration;
			buildSettings = {
				ALWAYS_SEARCH_USER_PATHS = NO;
				CLANG_CXX_LANGUAGE_STANDARD = "gnu++0x";
				CLANG_CXX_LIBRARY = "libc++";
				CLANG_ENABLE_OBJC_ARC = YES;
				CLANG_WARN_BOOL_CONVERSION = YES;
				CLANG_WARN_CONSTANT_CONVERSION = YES;
				CLANG_WARN_EMPTY_BODY = YES;
				CLANG_WARN_ENUM_CONVERSION = YES;
				CLANG_WARN_INFINITE_RECURSION = YES;
				CLANG_WARN_INT_CONVERSION = YES;
				CLANG_WARN_SUSPICIOUS_MOVE = YES;
				CLANG_WARN_UNREACHABLE_CODE = YES;
				CLANG_WARN__DUPLICATE_METHOD_MATCH = YES;
				"CODE_SIGN_IDENTITY[sdk=iphoneos*]" = "iPhone Developer";
				COPY_PHASE_STRIP = NO;
				ENABLE_STRICT_OBJC_MSGSEND = YES;
				ENABLE_TESTABILITY = YES;
				GCC_C_LANGUAGE_STANDARD = gnu99;
				GCC_DYNAMIC_NO_PIC = NO;
				GCC_NO_COMMON_BLOCKS = YES;
				GCC_OPTIMIZATION_LEVEL = 0;
				GCC_PREPROCESSOR_DEFINITIONS = (
					"DEBUG=1",
					"$(inherited)",
				);
				GCC_SYMBOLS_PRIVATE_EXTERN = NO;
				GCC_WARN_64_TO_32_BIT_CONVERSION = YES;
				GCC_WARN_ABOUT_RETURN_TYPE = YES;
				GCC_WARN_UNDECLARED_SELECTOR = YES;
				GCC_WARN_UNINITIALIZED_AUTOS = YES;
				GCC_WARN_UNUSED_FUNCTION = YES;
				GCC_WARN_UNUSED_VARIABLE = YES;
				IPHONEOS_DEPLOYMENT_TARGET = 8.0;
				ONLY_ACTIVE_ARCH = YES;
				SDKROOT = iphoneos;
			};
			name = Debug;
		};
		BF2AAA4116A92FD500658D4D /* Release */ = {
			isa = XCBuildConfiguration;
			buildSettings = {
				ALWAYS_SEARCH_USER_PATHS = NO;
				CLANG_CXX_LANGUAGE_STANDARD = "gnu++0x";
				CLANG_CXX_LIBRARY = "libc++";
				CLANG_ENABLE_OBJC_ARC = YES;
				CLANG_WARN_BOOL_CONVERSION = YES;
				CLANG_WARN_CONSTANT_CONVERSION = YES;
				CLANG_WARN_EMPTY_BODY = YES;
				CLANG_WARN_ENUM_CONVERSION = YES;
				CLANG_WARN_INFINITE_RECURSION = YES;
				CLANG_WARN_INT_CONVERSION = YES;
				CLANG_WARN_SUSPICIOUS_MOVE = YES;
				CLANG_WARN_UNREACHABLE_CODE = YES;
				CLANG_WARN__DUPLICATE_METHOD_MATCH = YES;
				"CODE_SIGN_IDENTITY[sdk=iphoneos*]" = "iPhone Developer";
				COPY_PHASE_STRIP = YES;
				ENABLE_STRICT_OBJC_MSGSEND = YES;
				GCC_C_LANGUAGE_STANDARD = gnu99;
				GCC_NO_COMMON_BLOCKS = YES;
				GCC_WARN_64_TO_32_BIT_CONVERSION = YES;
				GCC_WARN_ABOUT_RETURN_TYPE = YES;
				GCC_WARN_UNDECLARED_SELECTOR = YES;
				GCC_WARN_UNINITIALIZED_AUTOS = YES;
				GCC_WARN_UNUSED_FUNCTION = YES;
				GCC_WARN_UNUSED_VARIABLE = YES;
				IPHONEOS_DEPLOYMENT_TARGET = 8.0;
				OTHER_CFLAGS = "-DNS_BLOCK_ASSERTIONS=1";
				SDKROOT = iphoneos;
				VALIDATE_PRODUCT = YES;
			};
			name = Release;
		};
		BF2AAA4316A92FD500658D4D /* Debug */ = {
			isa = XCBuildConfiguration;
			buildSettings = {
				GCC_PRECOMPILE_PREFIX_HEADER = YES;
				GCC_PREFIX_HEADER = "HtmlParserUtil/HtmlParserUtil-Prefix.pch";
				HEADER_SEARCH_PATHS = "$(SDKROOT)/usr/include/libxml2/**";
				INFOPLIST_FILE = "HtmlParserUtil/HtmlParserUtil-Info.plist";
				IPHONEOS_DEPLOYMENT_TARGET = 10.0;
				PRODUCT_BUNDLE_IDENTIFIER = "demo.${PRODUCT_NAME:rfc1034identifier}";
				PRODUCT_NAME = "$(TARGET_NAME)";
				WRAPPER_EXTENSION = app;
			};
			name = Debug;
		};
		BF2AAA4416A92FD500658D4D /* Release */ = {
			isa = XCBuildConfiguration;
			buildSettings = {
				GCC_PRECOMPILE_PREFIX_HEADER = YES;
				GCC_PREFIX_HEADER = "HtmlParserUtil/HtmlParserUtil-Prefix.pch";
				HEADER_SEARCH_PATHS = "$(SDKROOT)/usr/include/libxml2/**";
				INFOPLIST_FILE = "HtmlParserUtil/HtmlParserUtil-Info.plist";
				IPHONEOS_DEPLOYMENT_TARGET = 10.0;
				PRODUCT_BUNDLE_IDENTIFIER = "demo.${PRODUCT_NAME:rfc1034identifier}";
				PRODUCT_NAME = "$(TARGET_NAME)";
				WRAPPER_EXTENSION = app;
			};
			name = Release;
		};
/* End XCBuildConfiguration section */

/* Begin XCConfigurationList section */
		BF2AAA1816A92FD400658D4D /* Build configuration list for PBXProject "HtmlParserUtil" */ = {
			isa = XCConfigurationList;
			buildConfigurations = (
				BF2AAA4016A92FD500658D4D /* Debug */,
				BF2AAA4116A92FD500658D4D /* Release */,
			);
			defaultConfigurationIsVisible = 0;
			defaultConfigurationName = Release;
		};
		BF2AAA4216A92FD500658D4D /* Build configuration list for PBXNativeTarget "HtmlParserUtil" */ = {
			isa = XCConfigurationList;
			buildConfigurations = (
				BF2AAA4316A92FD500658D4D /* Debug */,
				BF2AAA4416A92FD500658D4D /* Release */,
			);
			defaultConfigurationIsVisible = 0;
			defaultConfigurationName = Release;
		};
/* End XCConfigurationList section */
	};
	rootObject = BF2AAA1516A92FD400658D4D /* Project object */;
}
